
Microsoft Visual Studio Solution File, Format Version 12.00
# Visual Studio Version 17
VisualStudioVersion = 17.11.35312.102
MinimumVisualStudioVersion = 10.0.40219.1
Project("{2150E333-8FDC-42A3-9474-1A3956D46DE8}") = "Gateway", "Gateway", "{ACA63983-4E8E-469B-AFFE-859C7FED39AF}"
EndProject
Project("{2150E333-8FDC-42A3-9474-1A3956D46DE8}") = "Integration", "Integration", "{889F4A40-5DCB-4FE7-97ED-01A4135AF187}"
EndProject
Project("{2150E333-8FDC-42A3-9474-1A3956D46DE8}") = "Microservices", "Microservices", "{D93CF78D-5A11-4639-A9E6-DE9E49044F07}"
EndProject
Project("{2150E333-8FDC-42A3-9474-1A3956D46DE8}") = "Shared", "Shared", "{33A6755B-7F79-461B-B2A3-E956C204DC22}"
EndProject
Project("{9A19103F-16F7-4668-BE54-9A1E7A4F7556}") = "HiTech.Shared", "Shared\HiTech.Shared\HiTech.Shared.csproj", "{61300CF9-5451-452E-8842-139A1000004F}"
EndProject
Project("{9A19103F-16F7-4668-BE54-9A1E7A4F7556}") = "HiTech.Shared.EF", "Shared\HiTech.Shared.EF\HiTech.Shared.EF.csproj", "{FE4B6F3C-4DC7-4BE1-AD99-3E3D9FE55C59}"
EndProject
Project("{9A19103F-16F7-4668-BE54-9A1E7A4F7556}") = "HiTech.Yarp", "Gateway\HiTech.Yarp\HiTech.Yarp.csproj", "{5B4254DC-60F9-457E-B550-B3468228EC49}"
EndProject
Project("{9A19103F-16F7-4668-BE54-9A1E7A4F7556}") = "HiTech.RabbitMQ", "Integration\HiTech.RabbitMQ\HiTech.RabbitMQ.csproj", "{A4FCEF0A-9F27-4CCD-AE79-D0AEE9D35B0A}"
EndProject
Project("{9A19103F-16F7-4668-BE54-9A1E7A4F7556}") = "HiTech.Service.AuthAPI", "Microservices\HiTech.Service.AuthAPI\HiTech.Service.AuthAPI.csproj", "{B6007C39-A825-4C7F-9788-558B12384489}"
EndProject
Project("{9A19103F-16F7-4668-BE54-9A1E7A4F7556}") = "HiTech.Service.PostsAPI", "Microservices\HiTech.Service.PostsAPI\HiTech.Service.PostsAPI.csproj", "{2134A324-438C-4959-B43F-7367101A302E}"
EndProject
Project("{9A19103F-16F7-4668-BE54-9A1E7A4F7556}") = "HiTech.Service.ChatAPI", "Microservices\HiTech.Service.ChatAPI\HiTech.Service.ChatAPI.csproj", "{7BC97DFC-2198-4E08-B6E9-82192BFB9602}"
EndProject
Project("{9A19103F-16F7-4668-BE54-9A1E7A4F7556}") = "HiTech.Service.NotificationAPI", "Microservices\HiTech.Service.NotificationAPI\HiTech.Service.NotificationAPI.csproj", "{4F49333D-405F-4D8C-BA05-4CC4444CDD3D}"
EndProject
Project("{9A19103F-16F7-4668-BE54-9A1E7A4F7556}") = "HiTech.Service.FriendAPI", "Microservices\HiTech.Service.FriendAPI\HiTech.Service.FriendAPI.csproj", "{10486384-676A-41DA-97BE-AE6255186742}"
EndProject
Project("{FAE04EC0-301F-11D3-BF4B-00C04F79EFBC}") = "HiTech.Service.GroupAPI", "Microservices\HiTech.Service.GroupAPI\HiTech.Service.GroupAPI.csproj", "{C5704FDC-E63A-43C9-820E-4A1F585D0987}"
EndProject
Global
	GlobalSection(SolutionConfigurationPlatforms) = preSolution
		Debug|Any CPU = Debug|Any CPU
		Release|Any CPU = Release|Any CPU
	EndGlobalSection
	GlobalSection(ProjectConfigurationPlatforms) = postSolution
		{61300CF9-5451-452E-8842-139A1000004F}.Debug|Any CPU.ActiveCfg = Debug|Any CPU
		{61300CF9-5451-452E-8842-139A1000004F}.Debug|Any CPU.Build.0 = Debug|Any CPU
		{61300CF9-5451-452E-8842-139A1000004F}.Release|Any CPU.ActiveCfg = Release|Any CPU
		{61300CF9-5451-452E-8842-139A1000004F}.Release|Any CPU.Build.0 = Release|Any CPU
		{FE4B6F3C-4DC7-4BE1-AD99-3E3D9FE55C59}.Debug|Any CPU.ActiveCfg = Debug|Any CPU
		{FE4B6F3C-4DC7-4BE1-AD99-3E3D9FE55C59}.Debug|Any CPU.Build.0 = Debug|Any CPU
		{FE4B6F3C-4DC7-4BE1-AD99-3E3D9FE55C59}.Release|Any CPU.ActiveCfg = Release|Any CPU
		{FE4B6F3C-4DC7-4BE1-AD99-3E3D9FE55C59}.Release|Any CPU.Build.0 = Release|Any CPU
		{5B4254DC-60F9-457E-B550-B3468228EC49}.Debug|Any CPU.ActiveCfg = Debug|Any CPU
		{5B4254DC-60F9-457E-B550-B3468228EC49}.Debug|Any CPU.Build.0 = Debug|Any CPU
		{5B4254DC-60F9-457E-B550-B3468228EC49}.Release|Any CPU.ActiveCfg = Release|Any CPU
		{5B4254DC-60F9-457E-B550-B3468228EC49}.Release|Any CPU.Build.0 = Release|Any CPU
		{A4FCEF0A-9F27-4CCD-AE79-D0AEE9D35B0A}.Debug|Any CPU.ActiveCfg = Debug|Any CPU
		{A4FCEF0A-9F27-4CCD-AE79-D0AEE9D35B0A}.Debug|Any CPU.Build.0 = Debug|Any CPU
		{A4FCEF0A-9F27-4CCD-AE79-D0AEE9D35B0A}.Release|Any CPU.ActiveCfg = Release|Any CPU
		{A4FCEF0A-9F27-4CCD-AE79-D0AEE9D35B0A}.Release|Any CPU.Build.0 = Release|Any CPU
		{B6007C39-A825-4C7F-9788-558B12384489}.Debug|Any CPU.ActiveCfg = Debug|Any CPU
		{B6007C39-A825-4C7F-9788-558B12384489}.Debug|Any CPU.Build.0 = Debug|Any CPU
		{B6007C39-A825-4C7F-9788-558B12384489}.Release|Any CPU.ActiveCfg = Release|Any CPU
		{B6007C39-A825-4C7F-9788-558B12384489}.Release|Any CPU.Build.0 = Release|Any CPU
		{2134A324-438C-4959-B43F-7367101A302E}.Debug|Any CPU.ActiveCfg = Debug|Any CPU
		{2134A324-438C-4959-B43F-7367101A302E}.Debug|Any CPU.Build.0 = Debug|Any CPU
		{2134A324-438C-4959-B43F-7367101A302E}.Release|Any CPU.ActiveCfg = Release|Any CPU
		{2134A324-438C-4959-B43F-7367101A302E}.Release|Any CPU.Build.0 = Release|Any CPU
		{7BC97DFC-2198-4E08-B6E9-82192BFB9602}.Debug|Any CPU.ActiveCfg = Debug|Any CPU
		{7BC97DFC-2198-4E08-B6E9-82192BFB9602}.Debug|Any CPU.Build.0 = Debug|Any CPU
		{7BC97DFC-2198-4E08-B6E9-82192BFB9602}.Release|Any CPU.ActiveCfg = Release|Any CPU
		{7BC97DFC-2198-4E08-B6E9-82192BFB9602}.Release|Any CPU.Build.0 = Release|Any CPU
		{4F49333D-405F-4D8C-BA05-4CC4444CDD3D}.Debug|Any CPU.ActiveCfg = Debug|Any CPU
		{4F49333D-405F-4D8C-BA05-4CC4444CDD3D}.Debug|Any CPU.Build.0 = Debug|Any CPU
		{4F49333D-405F-4D8C-BA05-4CC4444CDD3D}.Release|Any CPU.ActiveCfg = Release|Any CPU
		{4F49333D-405F-4D8C-BA05-4CC4444CDD3D}.Release|Any CPU.Build.0 = Release|Any CPU
		{10486384-676A-41DA-97BE-AE6255186742}.Debug|Any CPU.ActiveCfg = Debug|Any CPU
		{10486384-676A-41DA-97BE-AE6255186742}.Debug|Any CPU.Build.0 = Debug|Any CPU
		{10486384-676A-41DA-97BE-AE6255186742}.Release|Any CPU.ActiveCfg = Release|Any CPU
		{10486384-676A-41DA-97BE-AE6255186742}.Release|Any CPU.Build.0 = Release|Any CPU
		{C5704FDC-E63A-43C9-820E-4A1F585D0987}.Debug|Any CPU.ActiveCfg = Debug|Any CPU
		{C5704FDC-E63A-43C9-820E-4A1F585D0987}.Debug|Any CPU.Build.0 = Debug|Any CPU
		{C5704FDC-E63A-43C9-820E-4A1F585D0987}.Release|Any CPU.ActiveCfg = Release|Any CPU
		{C5704FDC-E63A-43C9-820E-4A1F585D0987}.Release|Any CPU.Build.0 = Release|Any CPU
	EndGlobalSection
	GlobalSection(SolutionProperties) = preSolution
		HideSolutionNode = FALSE
	EndGlobalSection
	GlobalSection(NestedProjects) = preSolution
		{61300CF9-5451-452E-8842-139A1000004F} = {33A6755B-7F79-461B-B2A3-E956C204DC22}
		{FE4B6F3C-4DC7-4BE1-AD99-3E3D9FE55C59} = {33A6755B-7F79-461B-B2A3-E956C204DC22}
		{5B4254DC-60F9-457E-B550-B3468228EC49} = {ACA63983-4E8E-469B-AFFE-859C7FED39AF}
		{A4FCEF0A-9F27-4CCD-AE79-D0AEE9D35B0A} = {889F4A40-5DCB-4FE7-97ED-01A4135AF187}
		{B6007C39-A825-4C7F-9788-558B12384489} = {D93CF78D-5A11-4639-A9E6-DE9E49044F07}
		{2134A324-438C-4959-B43F-7367101A302E} = {D93CF78D-5A11-4639-A9E6-DE9E49044F07}
		{7BC97DFC-2198-4E08-B6E9-82192BFB9602} = {D93CF78D-5A11-4639-A9E6-DE9E49044F07}
		{4F49333D-405F-4D8C-BA05-4CC4444CDD3D} = {D93CF78D-5A11-4639-A9E6-DE9E49044F07}
		{10486384-676A-41DA-97BE-AE6255186742} = {D93CF78D-5A11-4639-A9E6-DE9E49044F07}
		{C5704FDC-E63A-43C9-820E-4A1F585D0987} = {D93CF78D-5A11-4639-A9E6-DE9E49044F07}
	EndGlobalSection
	GlobalSection(ExtensibilityGlobals) = postSolution
		SolutionGuid = {E7550ECB-46DB-45F0-A9F9-F568B1B35B1C}
	EndGlobalSection
EndGlobal
