
Microsoft Visual Studio Solution File, Format Version 12.00
# Visual Studio Version 17
VisualStudioVersion = 17.10.35013.160
MinimumVisualStudioVersion = 10.0.40219.1
Project("{2150E333-8FDC-42A3-9474-1A3956D46DE8}") = "Microservices", "Microservices", "{706B2789-7E34-4210-8312-B542AE9CF6A1}"
EndProject
Project("{9A19103F-16F7-4668-BE54-9A1E7A4F7556}") = "UserWebAPI", "UserWebAPI\UserWebAPI.csproj", "{008DC2EE-019D-4055-9A22-A8D6D8E04A3B}"
EndProject
Project("{9A19103F-16F7-4668-BE54-9A1E7A4F7556}") = "BlogWebAPI", "BlogWebAPI\BlogWebAPI.csproj", "{FDE11135-CD36-47ED-AD1A-5D354AAED6ED}"
EndProject
Project("{E53339B2-1760-4266-BCC7-CA923CBCF16C}") = "docker-compose", "docker-compose.dcproj", "{6B702623-C1ED-42BD-B269-AAC5875B1AC7}"
EndProject
Global
	GlobalSection(SolutionConfigurationPlatforms) = preSolution
		Debug|Any CPU = Debug|Any CPU
		Release|Any CPU = Release|Any CPU
	EndGlobalSection
	GlobalSection(ProjectConfigurationPlatforms) = postSolution
		{008DC2EE-019D-4055-9A22-A8D6D8E04A3B}.Debug|Any CPU.ActiveCfg = Debug|Any CPU
		{008DC2EE-019D-4055-9A22-A8D6D8E04A3B}.Debug|Any CPU.Build.0 = Debug|Any CPU
		{008DC2EE-019D-4055-9A22-A8D6D8E04A3B}.Release|Any CPU.ActiveCfg = Release|Any CPU
		{008DC2EE-019D-4055-9A22-A8D6D8E04A3B}.Release|Any CPU.Build.0 = Release|Any CPU
		{FDE11135-CD36-47ED-AD1A-5D354AAED6ED}.Debug|Any CPU.ActiveCfg = Debug|Any CPU
		{FDE11135-CD36-47ED-AD1A-5D354AAED6ED}.Debug|Any CPU.Build.0 = Debug|Any CPU
		{FDE11135-CD36-47ED-AD1A-5D354AAED6ED}.Release|Any CPU.ActiveCfg = Release|Any CPU
		{FDE11135-CD36-47ED-AD1A-5D354AAED6ED}.Release|Any CPU.Build.0 = Release|Any CPU
		{6B702623-C1ED-42BD-B269-AAC5875B1AC7}.Debug|Any CPU.ActiveCfg = Debug|Any CPU
		{6B702623-C1ED-42BD-B269-AAC5875B1AC7}.Debug|Any CPU.Build.0 = Debug|Any CPU
		{6B702623-C1ED-42BD-B269-AAC5875B1AC7}.Release|Any CPU.ActiveCfg = Release|Any CPU
		{6B702623-C1ED-42BD-B269-AAC5875B1AC7}.Release|Any CPU.Build.0 = Release|Any CPU
	EndGlobalSection
	GlobalSection(SolutionProperties) = preSolution
		HideSolutionNode = FALSE
	EndGlobalSection
	GlobalSection(NestedProjects) = preSolution
		{008DC2EE-019D-4055-9A22-A8D6D8E04A3B} = {706B2789-7E34-4210-8312-B542AE9CF6A1}
		{FDE11135-CD36-47ED-AD1A-5D354AAED6ED} = {706B2789-7E34-4210-8312-B542AE9CF6A1}
	EndGlobalSection
	GlobalSection(ExtensibilityGlobals) = postSolution
		SolutionGuid = {56628321-8F85-4668-90A1-0FDB7C965200}
	EndGlobalSection
EndGlobal
